
Microsoft Visual Studio Solution File, Format Version 12.00
# Visual Studio Version 17
VisualStudioVersion = 17.14.36623.8 d17.14
MinimumVisualStudioVersion = 10.0.40219.1
Project("{FAE04EC0-301F-11D3-BF4B-00C04F79EFBC}") = "LW3", "LW3\LW3.csproj", "{B4751CD5-6B78-467A-80C8-C4DB078317D1}"
EndProject
Global
	GlobalSection(SolutionConfigurationPlatforms) = preSolution
		Debug|Any CPU = Debug|Any CPU
		Release|Any CPU = Release|Any CPU
	EndGlobalSection
	GlobalSection(ProjectConfigurationPlatforms) = postSolution
		{B4751CD5-6B78-467A-80C8-C4DB078317D1}.Debug|Any CPU.ActiveCfg = Debug|Any CPU
		{B4751CD5-6B78-467A-80C8-C4DB078317D1}.Debug|Any CPU.Build.0 = Debug|Any CPU
		{B4751CD5-6B78-467A-80C8-C4DB078317D1}.Release|Any CPU.ActiveCfg = Release|Any CPU
		{B4751CD5-6B78-467A-80C8-C4DB078317D1}.Release|Any CPU.Build.0 = Release|Any CPU
	EndGlobalSection
	GlobalSection(SolutionProperties) = preSolution
		HideSolutionNode = FALSE
	EndGlobalSection
	GlobalSection(ExtensibilityGlobals) = postSolution
		SolutionGuid = {7D0A7433-B1D5-4791-8669-DC7C3E7239BF}
	EndGlobalSection
EndGlobal
